
Microsoft Visual Studio Solution File, Format Version 12.00
# Visual Studio 15
VisualStudioVersion = 15.0.27703.2026
MinimumVisualStudioVersion = 10.0.40219.1
Project("{FAE04EC0-301F-11D3-BF4B-00C04F79EFBC}") = "Sign", "Sign\Sign.csproj", "{A179CC53-C9F2-4A61-96EE-02BF86C7E000}"
EndProject
Global
	GlobalSection(SolutionConfigurationPlatforms) = preSolution
		Debug|Any CPU = Debug|Any CPU
		Release|Any CPU = Release|Any CPU
	EndGlobalSection
	GlobalSection(ProjectConfigurationPlatforms) = postSolution
		{A179CC53-C9F2-4A61-96EE-02BF86C7E000}.Debug|Any CPU.ActiveCfg = Debug|Any CPU
		{A179CC53-C9F2-4A61-96EE-02BF86C7E000}.Debug|Any CPU.Build.0 = Debug|Any CPU
		{A179CC53-C9F2-4A61-96EE-02BF86C7E000}.Release|Any CPU.ActiveCfg = Release|Any CPU
		{A179CC53-C9F2-4A61-96EE-02BF86C7E000}.Release|Any CPU.Build.0 = Release|Any CPU
	EndGlobalSection
	GlobalSection(SolutionProperties) = preSolution
		HideSolutionNode = FALSE
	EndGlobalSection
	GlobalSection(ExtensibilityGlobals) = postSolution
		SolutionGuid = {7F90380B-A23E-4C1F-BC92-62B8C2063B7E}
	EndGlobalSection
EndGlobal
